// !$*UTF8*$!
{
	archiveVersion = 1;
	classes = {
	};
	objectVersion = 56;
	objects = {

/* Begin PBXBuildFile section */
		27189F2F2BBAEA4600192A43 /* fetchLatestReceipt.swift in Sources */ = {isa = PBXBuildFile; fileRef = 27189F2E2BBAEA4600192A43 /* fetchLatestReceipt.swift */; };
		2720735E2BA8BDE8002067DE /* AppDelegate.swift in Sources */ = {isa = PBXBuildFile; fileRef = 2720735D2BA8BDE8002067DE /* AppDelegate.swift */; };
		272073602BA8BDE8002067DE /* SceneDelegate.swift in Sources */ = {isa = PBXBuildFile; fileRef = 2720735F2BA8BDE8002067DE /* SceneDelegate.swift */; };
		272073622BA8BDE8002067DE /* ViewController.swift in Sources */ = {isa = PBXBuildFile; fileRef = 272073612BA8BDE8002067DE /* ViewController.swift */; };
		272073652BA8BDE8002067DE /* Main.storyboard in Resources */ = {isa = PBXBuildFile; fileRef = 272073632BA8BDE8002067DE /* Main.storyboard */; };
		272073672BA8BDEA002067DE /* Assets.xcassets in Resources */ = {isa = PBXBuildFile; fileRef = 272073662BA8BDEA002067DE /* Assets.xcassets */; };
		2720736A2BA8BDEA002067DE /* LaunchScreen.storyboard in Resources */ = {isa = PBXBuildFile; fileRef = 272073682BA8BDEA002067DE /* LaunchScreen.storyboard */; };
		272073722BA8BE0D002067DE /* Product.swift in Sources */ = {isa = PBXBuildFile; fileRef = 272073712BA8BE0D002067DE /* Product.swift */; };
		272073742BA8BE4C002067DE /* ViewModel .swift in Sources */ = {isa = PBXBuildFile; fileRef = 272073732BA8BE4C002067DE /* ViewModel .swift */; };
		272073762BA8BE94002067DE /* ProductListViewController.swift in Sources */ = {isa = PBXBuildFile; fileRef = 272073752BA8BE94002067DE /* ProductListViewController.swift */; };
		27A1A9B72BC5B65500CA404A /* VNDocumentCameraViewController.swift in Sources */ = {isa = PBXBuildFile; fileRef = 27A1A9B62BC5B65500CA404A /* VNDocumentCameraViewController.swift */; };
/* End PBXBuildFile section */

/* Begin PBXFileReference section */
		27189F2E2BBAEA4600192A43 /* fetchLatestReceipt.swift */ = {isa = PBXFileReference; lastKnownFileType = sourcecode.swift; path = fetchLatestReceipt.swift; sourceTree = "<group>"; };
		2720735A2BA8BDE8002067DE /* SmartFrostApp.app */ = {isa = PBXFileReference; explicitFileType = wrapper.application; includeInIndex = 0; path = SmartFrostApp.app; sourceTree = BUILT_PRODUCTS_DIR; };
		2720735D2BA8BDE8002067DE /* AppDelegate.swift */ = {isa = PBXFileReference; lastKnownFileType = sourcecode.swift; path = AppDelegate.swift; sourceTree = "<group>"; };
		2720735F2BA8BDE8002067DE /* SceneDelegate.swift */ = {isa = PBXFileReference; lastKnownFileType = sourcecode.swift; path = SceneDelegate.swift; sourceTree = "<group>"; };
		272073612BA8BDE8002067DE /* ViewController.swift */ = {isa = PBXFileReference; lastKnownFileType = sourcecode.swift; path = ViewController.swift; sourceTree = "<group>"; };
		272073642BA8BDE8002067DE /* Base */ = {isa = PBXFileReference; lastKnownFileType = file.storyboard; name = Base; path = Base.lproj/Main.storyboard; sourceTree = "<group>"; };
		272073662BA8BDEA002067DE /* Assets.xcassets */ = {isa = PBXFileReference; lastKnownFileType = folder.assetcatalog; path = Assets.xcassets; sourceTree = "<group>"; };
		272073692BA8BDEA002067DE /* Base */ = {isa = PBXFileReference; lastKnownFileType = file.storyboard; name = Base; path = Base.lproj/LaunchScreen.storyboard; sourceTree = "<group>"; };
		2720736B2BA8BDEA002067DE /* Info.plist */ = {isa = PBXFileReference; lastKnownFileType = text.plist.xml; path = Info.plist; sourceTree = "<group>"; };
		272073712BA8BE0D002067DE /* Product.swift */ = {isa = PBXFileReference; lastKnownFileType = sourcecode.swift; path = Product.swift; sourceTree = "<group>"; };
		272073732BA8BE4C002067DE /* ViewModel .swift */ = {isa = PBXFileReference; lastKnownFileType = sourcecode.swift; path = "ViewModel .swift"; sourceTree = "<group>"; };
		272073752BA8BE94002067DE /* ProductListViewController.swift */ = {isa = PBXFileReference; lastKnownFileType = sourcecode.swift; path = ProductListViewController.swift; sourceTree = "<group>"; };
		27A1A9B62BC5B65500CA404A /* VNDocumentCameraViewController.swift */ = {isa = PBXFileReference; lastKnownFileType = sourcecode.swift; path = VNDocumentCameraViewController.swift; sourceTree = "<group>"; };
/* End PBXFileReference section */

/* Begin PBXFrameworksBuildPhase section */
		272073572BA8BDE8002067DE /* Frameworks */ = {
			isa = PBXFrameworksBuildPhase;
			buildActionMask = 2147483647;
			files = (
			);
			runOnlyForDeploymentPostprocessing = 0;
		};
/* End PBXFrameworksBuildPhase section */

/* Begin PBXGroup section */
		272073512BA8BDE8002067DE = {
			isa = PBXGroup;
			children = (
				2720735C2BA8BDE8002067DE /* SmartFrostApp */,
				2720735B2BA8BDE8002067DE /* Products */,
			);
			sourceTree = "<group>";
		};
		2720735B2BA8BDE8002067DE /* Products */ = {
			isa = PBXGroup;
			children = (
				2720735A2BA8BDE8002067DE /* SmartFrostApp.app */,
			);
			name = Products;
			sourceTree = "<group>";
		};
		2720735C2BA8BDE8002067DE /* SmartFrostApp */ = {
			isa = PBXGroup;
			children = (
				2720735D2BA8BDE8002067DE /* AppDelegate.swift */,
				2720735F2BA8BDE8002067DE /* SceneDelegate.swift */,
				272073612BA8BDE8002067DE /* ViewController.swift */,
				272073712BA8BE0D002067DE /* Product.swift */,
				272073732BA8BE4C002067DE /* ViewModel .swift */,
				272073752BA8BE94002067DE /* ProductListViewController.swift */,
				27189F2E2BBAEA4600192A43 /* fetchLatestReceipt.swift */,
				27A1A9B62BC5B65500CA404A /* VNDocumentCameraViewController.swift */,
				272073632BA8BDE8002067DE /* Main.storyboard */,
				272073662BA8BDEA002067DE /* Assets.xcassets */,
				272073682BA8BDEA002067DE /* LaunchScreen.storyboard */,
				2720736B2BA8BDEA002067DE /* Info.plist */,
			);
			path = SmartFrostApp;
			sourceTree = "<group>";
		};
/* End PBXGroup section */

/* Begin PBXNativeTarget section */
		272073592BA8BDE8002067DE /* SmartFrostApp */ = {
			isa = PBXNativeTarget;
			buildConfigurationList = 2720736E2BA8BDEA002067DE /* Build configuration list for PBXNativeTarget "SmartFrostApp" */;
			buildPhases = (
				272073562BA8BDE8002067DE /* Sources */,
				272073572BA8BDE8002067DE /* Frameworks */,
				272073582BA8BDE8002067DE /* Resources */,
			);
			buildRules = (
			);
			dependencies = (
			);
			name = SmartFrostApp;
			productName = SmartFrostApp;
			productReference = 2720735A2BA8BDE8002067DE /* SmartFrostApp.app */;
			productType = "com.apple.product-type.application";
		};
/* End PBXNativeTarget section */

/* Begin PBXProject section */
		272073522BA8BDE8002067DE /* Project object */ = {
			isa = PBXProject;
			attributes = {
				BuildIndependentTargetsInParallel = 1;
				LastSwiftUpdateCheck = 1420;
				LastUpgradeCheck = 1420;
				TargetAttributes = {
					272073592BA8BDE8002067DE = {
						CreatedOnToolsVersion = 14.2;
					};
				};
			};
			buildConfigurationList = 272073552BA8BDE8002067DE /* Build configuration list for PBXProject "SmartFrostApp" */;
			compatibilityVersion = "Xcode 14.0";
			developmentRegion = en;
			hasScannedForEncodings = 0;
			knownRegions = (
				en,
				Base,
			);
			mainGroup = 272073512BA8BDE8002067DE;
			productRefGroup = 2720735B2BA8BDE8002067DE /* Products */;
			projectDirPath = "";
			projectRoot = "";
			targets = (
				272073592BA8BDE8002067DE /* SmartFrostApp */,
			);
		};
/* End PBXProject section */

/* Begin PBXResourcesBuildPhase section */
		272073582BA8BDE8002067DE /* Resources */ = {
			isa = PBXResourcesBuildPhase;
			buildActionMask = 2147483647;
			files = (
				2720736A2BA8BDEA002067DE /* LaunchScreen.storyboard in Resources */,
				272073672BA8BDEA002067DE /* Assets.xcassets in Resources */,
				272073652BA8BDE8002067DE /* Main.storyboard in Resources */,
			);
			runOnlyForDeploymentPostprocessing = 0;
		};
/* End PBXResourcesBuildPhase section */

/* Begin PBXSourcesBuildPhase section */
		272073562BA8BDE8002067DE /* Sources */ = {
			isa = PBXSourcesBuildPhase;
			buildActionMask = 2147483647;
			files = (
				272073622BA8BDE8002067DE /* ViewController.swift in Sources */,
				272073722BA8BE0D002067DE /* Product.swift in Sources */,
				27A1A9B72BC5B65500CA404A /* VNDocumentCameraViewController.swift in Sources */,
				2720735E2BA8BDE8002067DE /* AppDelegate.swift in Sources */,
				272073602BA8BDE8002067DE /* SceneDelegate.swift in Sources */,
				272073762BA8BE94002067DE /* ProductListViewController.swift in Sources */,
				27189F2F2BBAEA4600192A43 /* fetchLatestReceipt.swift in Sources */,
				272073742BA8BE4C002067DE /* ViewModel .swift in Sources */,
			);
			runOnlyForDeploymentPostprocessing = 0;
		};
/* End PBXSourcesBuildPhase section */

/* Begin PBXVariantGroup section */
		272073632BA8BDE8002067DE /* Main.storyboard */ = {
			isa = PBXVariantGroup;
			children = (
				272073642BA8BDE8002067DE /* Base */,
			);
			name = Main.storyboard;
			sourceTree = "<group>";
		};
		272073682BA8BDEA002067DE /* LaunchScreen.storyboard */ = {
			isa = PBXVariantGroup;
			children = (
				272073692BA8BDEA002067DE /* Base */,
			);
			name = LaunchScreen.storyboard;
			sourceTree = "<group>";
		};
/* End PBXVariantGroup section */

/* Begin XCBuildConfiguration section */
		2720736C2BA8BDEA002067DE /* Debug */ = {
			isa = XCBuildConfiguration;
			buildSettings = {
				ALWAYS_SEARCH_USER_PATHS = NO;
				CLANG_ANALYZER_NONNULL = YES;
				CLANG_ANALYZER_NUMBER_OBJECT_CONVERSION = YES_AGGRESSIVE;
				CLANG_CXX_LANGUAGE_STANDARD = "gnu++20";
				CLANG_ENABLE_MODULES = YES;
				CLANG_ENABLE_OBJC_ARC = YES;
				CLANG_ENABLE_OBJC_WEAK = YES;
				CLANG_WARN_BLOCK_CAPTURE_AUTORELEASING = YES;
				CLANG_WARN_BOOL_CONVERSION = YES;
				CLANG_WARN_COMMA = YES;
				CLANG_WARN_CONSTANT_CONVERSION = YES;
				CLANG_WARN_DEPRECATED_OBJC_IMPLEMENTATIONS = YES;
				CLANG_WARN_DIRECT_OBJC_ISA_USAGE = YES_ERROR;
				CLANG_WARN_DOCUMENTATION_COMMENTS = YES;
				CLANG_WARN_EMPTY_BODY = YES;
				CLANG_WARN_ENUM_CONVERSION = YES;
				CLANG_WARN_INFINITE_RECURSION = YES;
				CLANG_WARN_INT_CONVERSION = YES;
				CLANG_WARN_NON_LITERAL_NULL_CONVERSION = YES;
				CLANG_WARN_OBJC_IMPLICIT_RETAIN_SELF = YES;
				CLANG_WARN_OBJC_LITERAL_CONVERSION = YES;
				CLANG_WARN_OBJC_ROOT_CLASS = YES_ERROR;
				CLANG_WARN_QUOTED_INCLUDE_IN_FRAMEWORK_HEADER = YES;
				CLANG_WARN_RANGE_LOOP_ANALYSIS = YES;
				CLANG_WARN_STRICT_PROTOTYPES = YES;
				CLANG_WARN_SUSPICIOUS_MOVE = YES;
				CLANG_WARN_UNGUARDED_AVAILABILITY = YES_AGGRESSIVE;
				CLANG_WARN_UNREACHABLE_CODE = YES;
				CLANG_WARN__DUPLICATE_METHOD_MATCH = YES;
				COPY_PHASE_STRIP = NO;
				DEBUG_INFORMATION_FORMAT = dwarf;
				ENABLE_STRICT_OBJC_MSGSEND = YES;
				ENABLE_TESTABILITY = YES;
				GCC_C_LANGUAGE_STANDARD = gnu11;
				GCC_DYNAMIC_NO_PIC = NO;
				GCC_NO_COMMON_BLOCKS = YES;
				GCC_OPTIMIZATION_LEVEL = 0;
				GCC_PREPROCESSOR_DEFINITIONS = (
					"DEBUG=1",
					"$(inherited)",
				);
				GCC_WARN_64_TO_32_BIT_CONVERSION = YES;
				GCC_WARN_ABOUT_RETURN_TYPE = YES_ERROR;
				GCC_WARN_UNDECLARED_SELECTOR = YES;
				GCC_WARN_UNINITIALIZED_AUTOS = YES_AGGRESSIVE;
				GCC_WARN_UNUSED_FUNCTION = YES;
				GCC_WARN_UNUSED_VARIABLE = YES;
				IPHONEOS_DEPLOYMENT_TARGET = 16.2;
				MTL_ENABLE_DEBUG_INFO = INCLUDE_SOURCE;
				MTL_FAST_MATH = YES;
				ONLY_ACTIVE_ARCH = YES;
				SDKROOT = iphoneos;
				SWIFT_ACTIVE_COMPILATION_CONDITIONS = DEBUG;
				SWIFT_OPTIMIZATION_LEVEL = "-Onone";
			};
			name = Debug;
		};
		2720736D2BA8BDEA002067DE /* Release */ = {
			isa = XCBuildConfiguration;
			buildSettings = {
				ALWAYS_SEARCH_USER_PATHS = NO;
				CLANG_ANALYZER_NONNULL = YES;
				CLANG_ANALYZER_NUMBER_OBJECT_CONVERSION = YES_AGGRESSIVE;
				CLANG_CXX_LANGUAGE_STANDARD = "gnu++20";
				CLANG_ENABLE_MODULES = YES;
				CLANG_ENABLE_OBJC_ARC = YES;
				CLANG_ENABLE_OBJC_WEAK = YES;
				CLANG_WARN_BLOCK_CAPTURE_AUTORELEASING = YES;
				CLANG_WARN_BOOL_CONVERSION = YES;
				CLANG_WARN_COMMA = YES;
				CLANG_WARN_CONSTANT_CONVERSION = YES;
				CLANG_WARN_DEPRECATED_OBJC_IMPLEMENTATIONS = YES;
				CLANG_WARN_DIRECT_OBJC_ISA_USAGE = YES_ERROR;
				CLANG_WARN_DOCUMENTATION_COMMENTS = YES;
				CLANG_WARN_EMPTY_BODY = YES;
				CLANG_WARN_ENUM_CONVERSION = YES;
				CLANG_WARN_INFINITE_RECURSION = YES;
				CLANG_WARN_INT_CONVERSION = YES;
				CLANG_WARN_NON_LITERAL_NULL_CONVERSION = YES;
				CLANG_WARN_OBJC_IMPLICIT_RETAIN_SELF = YES;
				CLANG_WARN_OBJC_LITERAL_CONVERSION = YES;
				CLANG_WARN_OBJC_ROOT_CLASS = YES_ERROR;
				CLANG_WARN_QUOTED_INCLUDE_IN_FRAMEWORK_HEADER = YES;
				CLANG_WARN_RANGE_LOOP_ANALYSIS = YES;
				CLANG_WARN_STRICT_PROTOTYPES = YES;
				CLANG_WARN_SUSPICIOUS_MOVE = YES;
				CLANG_WARN_UNGUARDED_AVAILABILITY = YES_AGGRESSIVE;
				CLANG_WARN_UNREACHABLE_CODE = YES;
				CLANG_WARN__DUPLICATE_METHOD_MATCH = YES;
				COPY_PHASE_STRIP = NO;
				DEBUG_INFORMATION_FORMAT = "dwarf-with-dsym";
				ENABLE_NS_ASSERTIONS = NO;
				ENABLE_STRICT_OBJC_MSGSEND = YES;
				GCC_C_LANGUAGE_STANDARD = gnu11;
				GCC_NO_COMMON_BLOCKS = YES;
				GCC_WARN_64_TO_32_BIT_CONVERSION = YES;
				GCC_WARN_ABOUT_RETURN_TYPE = YES_ERROR;
				GCC_WARN_UNDECLARED_SELECTOR = YES;
				GCC_WARN_UNINITIALIZED_AUTOS = YES_AGGRESSIVE;
				GCC_WARN_UNUSED_FUNCTION = YES;
				GCC_WARN_UNUSED_VARIABLE = YES;
				IPHONEOS_DEPLOYMENT_TARGET = 16.2;
				MTL_ENABLE_DEBUG_INFO = NO;
				MTL_FAST_MATH = YES;
				SDKROOT = iphoneos;
				SWIFT_COMPILATION_MODE = wholemodule;
				SWIFT_OPTIMIZATION_LEVEL = "-O";
				VALIDATE_PRODUCT = YES;
			};
			name = Release;
		};
		2720736F2BA8BDEA002067DE /* Debug */ = {
			isa = XCBuildConfiguration;
			buildSettings = {
				ASSETCATALOG_COMPILER_APPICON_NAME = AppIcon;
				ASSETCATALOG_COMPILER_GLOBAL_ACCENT_COLOR_NAME = AccentColor;
				CODE_SIGN_STYLE = Automatic;
				CURRENT_PROJECT_VERSION = 1;
				DEVELOPMENT_TEAM = 5XU4KM63X7;
				GENERATE_INFOPLIST_FILE = YES;
				INFOPLIST_FILE = SmartFrostApp/Info.plist;
				INFOPLIST_KEY_UIApplicationSupportsIndirectInputEvents = YES;
				INFOPLIST_KEY_UILaunchStoryboardName = LaunchScreen;
				INFOPLIST_KEY_UIMainStoryboardFile = Main;
				INFOPLIST_KEY_UISupportedInterfaceOrientations_iPad = "UIInterfaceOrientationPortrait UIInterfaceOrientationPortraitUpsideDown UIInterfaceOrientationLandscapeLeft UIInterfaceOrientationLandscapeRight";
				INFOPLIST_KEY_UISupportedInterfaceOrientations_iPhone = "UIInterfaceOrientationPortrait UIInterfaceOrientationLandscapeLeft UIInterfaceOrientationLandscapeRight";
				LD_RUNPATH_SEARCH_PATHS = (
					"$(inherited)",
					"@executable_path/Frameworks",
				);
				MARKETING_VERSION = 1.0;
				PRODUCT_BUNDLE_IDENTIFIER = ru.vadimrn.SmartFrostApp;
				PRODUCT_NAME = "$(TARGET_NAME)";
				SWIFT_EMIT_LOC_STRINGS = YES;
				SWIFT_VERSION = 5.0;
				TARGETED_DEVICE_FAMILY = "1,2";
			};
			name = Debug;
		};
		272073702BA8BDEA002067DE /* Release */ = {
			isa = XCBuildConfiguration;
			buildSettings = {
				ASSETCATALOG_COMPILER_APPICON_NAME = AppIcon;
				ASSETCATALOG_COMPILER_GLOBAL_ACCENT_COLOR_NAME = AccentColor;
				CODE_SIGN_STYLE = Automatic;
				CURRENT_PROJECT_VERSION = 1;
				DEVELOPMENT_TEAM = 5XU4KM63X7;
				GENERATE_INFOPLIST_FILE = YES;
				INFOPLIST_FILE = SmartFrostApp/Info.plist;
				INFOPLIST_KEY_UIApplicationSupportsIndirectInputEvents = YES;
				INFOPLIST_KEY_UILaunchStoryboardName = LaunchScreen;
				INFOPLIST_KEY_UIMainStoryboardFile = Main;
				INFOPLIST_KEY_UISupportedInterfaceOrientations_iPad = "UIInterfaceOrientationPortrait UIInterfaceOrientationPortraitUpsideDown UIInterfaceOrientationLandscapeLeft UIInterfaceOrientationLandscapeRight";
				INFOPLIST_KEY_UISupportedInterfaceOrientations_iPhone = "UIInterfaceOrientationPortrait UIInterfaceOrientationLandscapeLeft UIInterfaceOrientationLandscapeRight";
				LD_RUNPATH_SEARCH_PATHS = (
					"$(inherited)",
					"@executable_path/Frameworks",
				);
				MARKETING_VERSION = 1.0;
				PRODUCT_BUNDLE_IDENTIFIER = ru.vadimrn.SmartFrostApp;
				PRODUCT_NAME = "$(TARGET_NAME)";
				SWIFT_EMIT_LOC_STRINGS = YES;
				SWIFT_VERSION = 5.0;
				TARGETED_DEVICE_FAMILY = "1,2";
			};
			name = Release;
		};
/* End XCBuildConfiguration section */

/* Begin XCConfigurationList section */
		272073552BA8BDE8002067DE /* Build configuration list for PBXProject "SmartFrostApp" */ = {
			isa = XCConfigurationList;
			buildConfigurations = (
				2720736C2BA8BDEA002067DE /* Debug */,
				2720736D2BA8BDEA002067DE /* Release */,
			);
			defaultConfigurationIsVisible = 0;
			defaultConfigurationName = Release;
		};
		2720736E2BA8BDEA002067DE /* Build configuration list for PBXNativeTarget "SmartFrostApp" */ = {
			isa = XCConfigurationList;
			buildConfigurations = (
				2720736F2BA8BDEA002067DE /* Debug */,
				272073702BA8BDEA002067DE /* Release */,
			);
			defaultConfigurationIsVisible = 0;
			defaultConfigurationName = Release;
		};
/* End XCConfigurationList section */
	};
	rootObject = 272073522BA8BDE8002067DE /* Project object */;
}
